
Microsoft Visual Studio Solution File, Format Version 12.00
# Visual Studio 15
VisualStudioVersion = 15.0.25807.0
MinimumVisualStudioVersion = 10.0.40219.1
Project("{2150E333-8FDC-42A3-9474-1A3956D46DE8}") = "Engine", "Engine", "{8FA614D2-DF0F-41BA-8936-DD890E9211D1}"
EndProject
Project("{2150E333-8FDC-42A3-9474-1A3956D46DE8}") = "Games", "Games", "{E2D1405E-5257-4903-BB07-87232B2A3E05}"
EndProject
Project("{8BC9CEB8-8B4A-11D0-8D11-00A0C91BC942}") = "UE4", "Intermediate\ProjectFiles\UE4.vcxproj", "{C65EDF4C-52BD-4508-B359-9CA7C4570318}"
EndProject
Project("{8BC9CEB8-8B4A-11D0-8D11-00A0C91BC942}") = "PacktUET", "Intermediate\ProjectFiles\PacktUET.vcxproj", "{73F0D3AA-4A99-4105-8CD8-96C08D5506F7}"
EndProject
Global
	GlobalSection(SolutionConfigurationPlatforms) = preSolution
		DebugGame Editor|Android = DebugGame Editor|Android
		DebugGame Editor|HTML5 = DebugGame Editor|HTML5
		DebugGame Editor|Win32 = DebugGame Editor|Win32
		DebugGame Editor|Win64 = DebugGame Editor|Win64
		DebugGame|Android = DebugGame|Android
		DebugGame|HTML5 = DebugGame|HTML5
		DebugGame|Win32 = DebugGame|Win32
		DebugGame|Win64 = DebugGame|Win64
		Development Editor|Android = Development Editor|Android
		Development Editor|HTML5 = Development Editor|HTML5
		Development Editor|Win32 = Development Editor|Win32
		Development Editor|Win64 = Development Editor|Win64
		Development|Android = Development|Android
		Development|HTML5 = Development|HTML5
		Development|Win32 = Development|Win32
		Development|Win64 = Development|Win64
		Shipping|Android = Shipping|Android
		Shipping|HTML5 = Shipping|HTML5
		Shipping|Win32 = Shipping|Win32
		Shipping|Win64 = Shipping|Win64
	EndGlobalSection
	GlobalSection(ProjectConfigurationPlatforms) = postSolution
		{C65EDF4C-52BD-4508-B359-9CA7C4570318}.DebugGame Editor|Android.ActiveCfg = BuiltWithUnrealBuildTool|Win32
		{C65EDF4C-52BD-4508-B359-9CA7C4570318}.DebugGame Editor|Android.Build.0 = BuiltWithUnrealBuildTool|Win32
		{C65EDF4C-52BD-4508-B359-9CA7C4570318}.DebugGame Editor|HTML5.ActiveCfg = BuiltWithUnrealBuildTool|Win32
		{C65EDF4C-52BD-4508-B359-9CA7C4570318}.DebugGame Editor|HTML5.Build.0 = BuiltWithUnrealBuildTool|Win32
		{C65EDF4C-52BD-4508-B359-9CA7C4570318}.DebugGame Editor|Win32.ActiveCfg = BuiltWithUnrealBuildTool|Win32
		{C65EDF4C-52BD-4508-B359-9CA7C4570318}.DebugGame Editor|Win32.Build.0 = BuiltWithUnrealBuildTool|Win32
		{C65EDF4C-52BD-4508-B359-9CA7C4570318}.DebugGame Editor|Win64.ActiveCfg = BuiltWithUnrealBuildTool|Win32
		{C65EDF4C-52BD-4508-B359-9CA7C4570318}.DebugGame Editor|Win64.Build.0 = BuiltWithUnrealBuildTool|Win32
		{C65EDF4C-52BD-4508-B359-9CA7C4570318}.DebugGame|Android.ActiveCfg = BuiltWithUnrealBuildTool|Win32
		{C65EDF4C-52BD-4508-B359-9CA7C4570318}.DebugGame|Android.Build.0 = BuiltWithUnrealBuildTool|Win32
		{C65EDF4C-52BD-4508-B359-9CA7C4570318}.DebugGame|HTML5.ActiveCfg = BuiltWithUnrealBuildTool|Win32
		{C65EDF4C-52BD-4508-B359-9CA7C4570318}.DebugGame|HTML5.Build.0 = BuiltWithUnrealBuildTool|Win32
		{C65EDF4C-52BD-4508-B359-9CA7C4570318}.DebugGame|Win32.ActiveCfg = BuiltWithUnrealBuildTool|Win32
		{C65EDF4C-52BD-4508-B359-9CA7C4570318}.DebugGame|Win32.Build.0 = BuiltWithUnrealBuildTool|Win32
		{C65EDF4C-52BD-4508-B359-9CA7C4570318}.DebugGame|Win64.ActiveCfg = BuiltWithUnrealBuildTool|Win32
		{C65EDF4C-52BD-4508-B359-9CA7C4570318}.DebugGame|Win64.Build.0 = BuiltWithUnrealBuildTool|Win32
		{C65EDF4C-52BD-4508-B359-9CA7C4570318}.Development Editor|Android.ActiveCfg = BuiltWithUnrealBuildTool|Win32
		{C65EDF4C-52BD-4508-B359-9CA7C4570318}.Development Editor|Android.Build.0 = BuiltWithUnrealBuildTool|Win32
		{C65EDF4C-52BD-4508-B359-9CA7C4570318}.Development Editor|HTML5.ActiveCfg = BuiltWithUnrealBuildTool|Win32
		{C65EDF4C-52BD-4508-B359-9CA7C4570318}.Development Editor|HTML5.Build.0 = BuiltWithUnrealBuildTool|Win32
		{C65EDF4C-52BD-4508-B359-9CA7C4570318}.Development Editor|Win32.ActiveCfg = BuiltWithUnrealBuildTool|Win32
		{C65EDF4C-52BD-4508-B359-9CA7C4570318}.Development Editor|Win32.Build.0 = BuiltWithUnrealBuildTool|Win32
		{C65EDF4C-52BD-4508-B359-9CA7C4570318}.Development Editor|Win64.ActiveCfg = BuiltWithUnrealBuildTool|Win32
		{C65EDF4C-52BD-4508-B359-9CA7C4570318}.Development Editor|Win64.Build.0 = BuiltWithUnrealBuildTool|Win32
		{C65EDF4C-52BD-4508-B359-9CA7C4570318}.Development|Android.ActiveCfg = BuiltWithUnrealBuildTool|Win32
		{C65EDF4C-52BD-4508-B359-9CA7C4570318}.Development|Android.Build.0 = BuiltWithUnrealBuildTool|Win32
		{C65EDF4C-52BD-4508-B359-9CA7C4570318}.Development|HTML5.ActiveCfg = BuiltWithUnrealBuildTool|Win32
		{C65EDF4C-52BD-4508-B359-9CA7C4570318}.Development|HTML5.Build.0 = BuiltWithUnrealBuildTool|Win32
		{C65EDF4C-52BD-4508-B359-9CA7C4570318}.Development|Win32.ActiveCfg = BuiltWithUnrealBuildTool|Win32
		{C65EDF4C-52BD-4508-B359-9CA7C4570318}.Development|Win32.Build.0 = BuiltWithUnrealBuildTool|Win32
		{C65EDF4C-52BD-4508-B359-9CA7C4570318}.Development|Win64.ActiveCfg = BuiltWithUnrealBuildTool|Win32
		{C65EDF4C-52BD-4508-B359-9CA7C4570318}.Development|Win64.Build.0 = BuiltWithUnrealBuildTool|Win32
		{C65EDF4C-52BD-4508-B359-9CA7C4570318}.Shipping|Android.ActiveCfg = BuiltWithUnrealBuildTool|Win32
		{C65EDF4C-52BD-4508-B359-9CA7C4570318}.Shipping|Android.Build.0 = BuiltWithUnrealBuildTool|Win32
		{C65EDF4C-52BD-4508-B359-9CA7C4570318}.Shipping|HTML5.ActiveCfg = BuiltWithUnrealBuildTool|Win32
		{C65EDF4C-52BD-4508-B359-9CA7C4570318}.Shipping|HTML5.Build.0 = BuiltWithUnrealBuildTool|Win32
		{C65EDF4C-52BD-4508-B359-9CA7C4570318}.Shipping|Win32.ActiveCfg = BuiltWithUnrealBuildTool|Win32
		{C65EDF4C-52BD-4508-B359-9CA7C4570318}.Shipping|Win32.Build.0 = BuiltWithUnrealBuildTool|Win32
		{C65EDF4C-52BD-4508-B359-9CA7C4570318}.Shipping|Win64.ActiveCfg = BuiltWithUnrealBuildTool|Win32
		{C65EDF4C-52BD-4508-B359-9CA7C4570318}.Shipping|Win64.Build.0 = BuiltWithUnrealBuildTool|Win32
		{73F0D3AA-4A99-4105-8CD8-96C08D5506F7}.DebugGame Editor|Android.ActiveCfg = Android_DebugGame_Editor|Win32
		{73F0D3AA-4A99-4105-8CD8-96C08D5506F7}.DebugGame Editor|HTML5.ActiveCfg = HTML5_DebugGame_Editor|Win32
		{73F0D3AA-4A99-4105-8CD8-96C08D5506F7}.DebugGame Editor|Win32.ActiveCfg = DebugGame_Editor|Win32
		{73F0D3AA-4A99-4105-8CD8-96C08D5506F7}.DebugGame Editor|Win64.ActiveCfg = DebugGame_Editor|x64
		{73F0D3AA-4A99-4105-8CD8-96C08D5506F7}.DebugGame Editor|Win64.Build.0 = DebugGame_Editor|x64
		{73F0D3AA-4A99-4105-8CD8-96C08D5506F7}.DebugGame|Android.ActiveCfg = Android_DebugGame_Game|Win32
		{73F0D3AA-4A99-4105-8CD8-96C08D5506F7}.DebugGame|Android.Build.0 = Android_DebugGame_Game|Win32
		{73F0D3AA-4A99-4105-8CD8-96C08D5506F7}.DebugGame|HTML5.ActiveCfg = HTML5_DebugGame_Game|Win32
		{73F0D3AA-4A99-4105-8CD8-96C08D5506F7}.DebugGame|HTML5.Build.0 = HTML5_DebugGame_Game|Win32
		{73F0D3AA-4A99-4105-8CD8-96C08D5506F7}.DebugGame|Win32.ActiveCfg = DebugGame_Game|Win32
		{73F0D3AA-4A99-4105-8CD8-96C08D5506F7}.DebugGame|Win32.Build.0 = DebugGame_Game|Win32
		{73F0D3AA-4A99-4105-8CD8-96C08D5506F7}.DebugGame|Win64.ActiveCfg = DebugGame_Game|x64
		{73F0D3AA-4A99-4105-8CD8-96C08D5506F7}.DebugGame|Win64.Build.0 = DebugGame_Game|x64
		{73F0D3AA-4A99-4105-8CD8-96C08D5506F7}.Development Editor|Android.ActiveCfg = Android_Development_Editor|Win32
		{73F0D3AA-4A99-4105-8CD8-96C08D5506F7}.Development Editor|HTML5.ActiveCfg = HTML5_Development_Editor|Win32
		{73F0D3AA-4A99-4105-8CD8-96C08D5506F7}.Development Editor|Win32.ActiveCfg = Development_Editor|Win32
		{73F0D3AA-4A99-4105-8CD8-96C08D5506F7}.Development Editor|Win64.ActiveCfg = Development_Editor|x64
		{73F0D3AA-4A99-4105-8CD8-96C08D5506F7}.Development Editor|Win64.Build.0 = Development_Editor|x64
		{73F0D3AA-4A99-4105-8CD8-96C08D5506F7}.Development|Android.ActiveCfg = Android_Development_Game|Win32
		{73F0D3AA-4A99-4105-8CD8-96C08D5506F7}.Development|Android.Build.0 = Android_Development_Game|Win32
		{73F0D3AA-4A99-4105-8CD8-96C08D5506F7}.Development|HTML5.ActiveCfg = HTML5_Development_Game|Win32
		{73F0D3AA-4A99-4105-8CD8-96C08D5506F7}.Development|HTML5.Build.0 = HTML5_Development_Game|Win32
		{73F0D3AA-4A99-4105-8CD8-96C08D5506F7}.Development|Win32.ActiveCfg = Development_Game|Win32
		{73F0D3AA-4A99-4105-8CD8-96C08D5506F7}.Development|Win32.Build.0 = Development_Game|Win32
		{73F0D3AA-4A99-4105-8CD8-96C08D5506F7}.Development|Win64.ActiveCfg = Development_Game|x64
		{73F0D3AA-4A99-4105-8CD8-96C08D5506F7}.Development|Win64.Build.0 = Development_Game|x64
		{73F0D3AA-4A99-4105-8CD8-96C08D5506F7}.Shipping|Android.ActiveCfg = Android_Shipping_Game|Win32
		{73F0D3AA-4A99-4105-8CD8-96C08D5506F7}.Shipping|Android.Build.0 = Android_Shipping_Game|Win32
		{73F0D3AA-4A99-4105-8CD8-96C08D5506F7}.Shipping|HTML5.ActiveCfg = HTML5_Shipping_Game|Win32
		{73F0D3AA-4A99-4105-8CD8-96C08D5506F7}.Shipping|HTML5.Build.0 = HTML5_Shipping_Game|Win32
		{73F0D3AA-4A99-4105-8CD8-96C08D5506F7}.Shipping|Win32.ActiveCfg = Shipping_Game|Win32
		{73F0D3AA-4A99-4105-8CD8-96C08D5506F7}.Shipping|Win32.Build.0 = Shipping_Game|Win32
		{73F0D3AA-4A99-4105-8CD8-96C08D5506F7}.Shipping|Win64.ActiveCfg = Shipping_Game|x64
		{73F0D3AA-4A99-4105-8CD8-96C08D5506F7}.Shipping|Win64.Build.0 = Shipping_Game|x64
	EndGlobalSection
	GlobalSection(SolutionProperties) = preSolution
		HideSolutionNode = FALSE
	EndGlobalSection
	GlobalSection(NestedProjects) = preSolution
		{C65EDF4C-52BD-4508-B359-9CA7C4570318} = {8FA614D2-DF0F-41BA-8936-DD890E9211D1}
		{73F0D3AA-4A99-4105-8CD8-96C08D5506F7} = {E2D1405E-5257-4903-BB07-87232B2A3E05}
	EndGlobalSection
	GlobalSection(ExtensibilityGlobals) = postSolution
		SolutionGuid = {8F3A5501-FCBB-461A-A1D6-7AD43A40BA52}
	EndGlobalSection
EndGlobal
